
Microsoft Visual Studio Solution File, Format Version 12.00
# Visual Studio Version 16
VisualStudioVersion = 16.0.30804.86
MinimumVisualStudioVersion = 10.0.40219.1
Project("{8BC9CEB8-8B4A-11D0-8D11-00A0C91BC942}") = "1.14", "1.14.vcxproj", "{17B0A109-4635-42AE-BB93-F2298CCD795E}"
EndProject
Global
	GlobalSection(SolutionConfigurationPlatforms) = preSolution
		Debug|x64 = Debug|x64
		Debug|x86 = Debug|x86
		Release|x64 = Release|x64
		Release|x86 = Release|x86
	EndGlobalSection
	GlobalSection(ProjectConfigurationPlatforms) = postSolution
		{17B0A109-4635-42AE-BB93-F2298CCD795E}.Debug|x64.ActiveCfg = Debug|x64
		{17B0A109-4635-42AE-BB93-F2298CCD795E}.Debug|x64.Build.0 = Debug|x64
		{17B0A109-4635-42AE-BB93-F2298CCD795E}.Debug|x86.ActiveCfg = Debug|Win32
		{17B0A109-4635-42AE-BB93-F2298CCD795E}.Debug|x86.Build.0 = Debug|Win32
		{17B0A109-4635-42AE-BB93-F2298CCD795E}.Release|x64.ActiveCfg = Release|x64
		{17B0A109-4635-42AE-BB93-F2298CCD795E}.Release|x64.Build.0 = Release|x64
		{17B0A109-4635-42AE-BB93-F2298CCD795E}.Release|x86.ActiveCfg = Release|Win32
		{17B0A109-4635-42AE-BB93-F2298CCD795E}.Release|x86.Build.0 = Release|Win32
	EndGlobalSection
	GlobalSection(SolutionProperties) = preSolution
		HideSolutionNode = FALSE
	EndGlobalSection
	GlobalSection(ExtensibilityGlobals) = postSolution
		SolutionGuid = {10BAC629-BD85-48B9-8C9C-838635C36838}
	EndGlobalSection
EndGlobal
